// !$*UTF8*$!
{
	archiveVersion = 1;
	classes = {
	};
	objectVersion = 50;
	objects = {

/* Begin PBXBuildFile section */
		0D796AFC21BD44F30079B800 /* AppDelegate.swift in Sources */ = {isa = PBXBuildFile; fileRef = 0D796AFB21BD44F30079B800 /* AppDelegate.swift */; };
		0D796AFE21BD44F30079B800 /* ViewController.swift in Sources */ = {isa = PBXBuildFile; fileRef = 0D796AFD21BD44F30079B800 /* ViewController.swift */; };
		0D796B0121BD44F30079B800 /* Main.storyboard in Resources */ = {isa = PBXBuildFile; fileRef = 0D796AFF21BD44F30079B800 /* Main.storyboard */; };
		0D796B0421BD44F30079B800 /* CoreDataWithTableView.xcdatamodeld in Sources */ = {isa = PBXBuildFile; fileRef = 0D796B0221BD44F30079B800 /* CoreDataWithTableView.xcdatamodeld */; };
		0D796B0621BD44F40079B800 /* Assets.xcassets in Resources */ = {isa = PBXBuildFile; fileRef = 0D796B0521BD44F40079B800 /* Assets.xcassets */; };
		0D796B0921BD44F40079B800 /* LaunchScreen.storyboard in Resources */ = {isa = PBXBuildFile; fileRef = 0D796B0721BD44F40079B800 /* LaunchScreen.storyboard */; };
		0D796B1421BD44F50079B800 /* CoreDataWithTableViewTests.swift in Sources */ = {isa = PBXBuildFile; fileRef = 0D796B1321BD44F50079B800 /* CoreDataWithTableViewTests.swift */; };
		0D796B1F21BD44F50079B800 /* CoreDataWithTableViewUITests.swift in Sources */ = {isa = PBXBuildFile; fileRef = 0D796B1E21BD44F50079B800 /* CoreDataWithTableViewUITests.swift */; };
		0D796B3021BD46130079B800 /* jpark.jpg in Resources */ = {isa = PBXBuildFile; fileRef = 0D796B2C21BD46130079B800 /* jpark.jpg */; };
		0D796B3121BD46130079B800 /* alien.jpg in Resources */ = {isa = PBXBuildFile; fileRef = 0D796B2D21BD46130079B800 /* alien.jpg */; };
		0D796B3221BD46130079B800 /* hobbit.jpg in Resources */ = {isa = PBXBuildFile; fileRef = 0D796B2E21BD46130079B800 /* hobbit.jpg */; };
		0D796B3321BD46130079B800 /* godzilla.jpg in Resources */ = {isa = PBXBuildFile; fileRef = 0D796B2F21BD46130079B800 /* godzilla.jpg */; };
		0D796B3721BD4B840079B800 /* MyTableViewCell.swift in Sources */ = {isa = PBXBuildFile; fileRef = 0D796B3621BD4B840079B800 /* MyTableViewCell.swift */; };
/* End PBXBuildFile section */

/* Begin PBXContainerItemProxy section */
		0D796B1021BD44F50079B800 /* PBXContainerItemProxy */ = {
			isa = PBXContainerItemProxy;
			containerPortal = 0D796AF021BD44F30079B800 /* Project object */;
			proxyType = 1;
			remoteGlobalIDString = 0D796AF721BD44F30079B800;
			remoteInfo = CoreDataWithTableView;
		};
		0D796B1B21BD44F50079B800 /* PBXContainerItemProxy */ = {
			isa = PBXContainerItemProxy;
			containerPortal = 0D796AF021BD44F30079B800 /* Project object */;
			proxyType = 1;
			remoteGlobalIDString = 0D796AF721BD44F30079B800;
			remoteInfo = CoreDataWithTableView;
		};
/* End PBXContainerItemProxy section */

/* Begin PBXFileReference section */
		0D796AF821BD44F30079B800 /* CoreDataWithTableView.app */ = {isa = PBXFileReference; explicitFileType = wrapper.application; includeInIndex = 0; path = CoreDataWithTableView.app; sourceTree = BUILT_PRODUCTS_DIR; };
		0D796AFB21BD44F30079B800 /* AppDelegate.swift */ = {isa = PBXFileReference; lastKnownFileType = sourcecode.swift; path = AppDelegate.swift; sourceTree = "<group>"; };
		0D796AFD21BD44F30079B800 /* ViewController.swift */ = {isa = PBXFileReference; lastKnownFileType = sourcecode.swift; path = ViewController.swift; sourceTree = "<group>"; };
		0D796B0021BD44F30079B800 /* Base */ = {isa = PBXFileReference; lastKnownFileType = file.storyboard; name = Base; path = Base.lproj/Main.storyboard; sourceTree = "<group>"; };
		0D796B0321BD44F30079B800 /* CoreDataWithTableView.xcdatamodel */ = {isa = PBXFileReference; lastKnownFileType = wrapper.xcdatamodel; path = CoreDataWithTableView.xcdatamodel; sourceTree = "<group>"; };
		0D796B0521BD44F40079B800 /* Assets.xcassets */ = {isa = PBXFileReference; lastKnownFileType = folder.assetcatalog; path = Assets.xcassets; sourceTree = "<group>"; };
		0D796B0821BD44F40079B800 /* Base */ = {isa = PBXFileReference; lastKnownFileType = file.storyboard; name = Base; path = Base.lproj/LaunchScreen.storyboard; sourceTree = "<group>"; };
		0D796B0A21BD44F40079B800 /* Info.plist */ = {isa = PBXFileReference; lastKnownFileType = text.plist.xml; path = Info.plist; sourceTree = "<group>"; };
		0D796B0F21BD44F50079B800 /* CoreDataWithTableViewTests.xctest */ = {isa = PBXFileReference; explicitFileType = wrapper.cfbundle; includeInIndex = 0; path = CoreDataWithTableViewTests.xctest; sourceTree = BUILT_PRODUCTS_DIR; };
		0D796B1321BD44F50079B800 /* CoreDataWithTableViewTests.swift */ = {isa = PBXFileReference; lastKnownFileType = sourcecode.swift; path = CoreDataWithTableViewTests.swift; sourceTree = "<group>"; };
		0D796B1521BD44F50079B800 /* Info.plist */ = {isa = PBXFileReference; lastKnownFileType = text.plist.xml; path = Info.plist; sourceTree = "<group>"; };
		0D796B1A21BD44F50079B800 /* CoreDataWithTableViewUITests.xctest */ = {isa = PBXFileReference; explicitFileType = wrapper.cfbundle; includeInIndex = 0; path = CoreDataWithTableViewUITests.xctest; sourceTree = BUILT_PRODUCTS_DIR; };
		0D796B1E21BD44F50079B800 /* CoreDataWithTableViewUITests.swift */ = {isa = PBXFileReference; lastKnownFileType = sourcecode.swift; path = CoreDataWithTableViewUITests.swift; sourceTree = "<group>"; };
		0D796B2021BD44F50079B800 /* Info.plist */ = {isa = PBXFileReference; lastKnownFileType = text.plist.xml; path = Info.plist; sourceTree = "<group>"; };
		0D796B2C21BD46130079B800 /* jpark.jpg */ = {isa = PBXFileReference; lastKnownFileType = image.jpeg; path = jpark.jpg; sourceTree = "<group>"; };
		0D796B2D21BD46130079B800 /* alien.jpg */ = {isa = PBXFileReference; lastKnownFileType = image.jpeg; path = alien.jpg; sourceTree = "<group>"; };
		0D796B2E21BD46130079B800 /* hobbit.jpg */ = {isa = PBXFileReference; lastKnownFileType = image.jpeg; path = hobbit.jpg; sourceTree = "<group>"; };
		0D796B2F21BD46130079B800 /* godzilla.jpg */ = {isa = PBXFileReference; lastKnownFileType = image.jpeg; path = godzilla.jpg; sourceTree = "<group>"; };
		0D796B3621BD4B840079B800 /* MyTableViewCell.swift */ = {isa = PBXFileReference; lastKnownFileType = sourcecode.swift; path = MyTableViewCell.swift; sourceTree = "<group>"; };
/* End PBXFileReference section */

/* Begin PBXFrameworksBuildPhase section */
		0D796AF521BD44F30079B800 /* Frameworks */ = {
			isa = PBXFrameworksBuildPhase;
			buildActionMask = 2147483647;
			files = (
			);
			runOnlyForDeploymentPostprocessing = 0;
		};
		0D796B0C21BD44F50079B800 /* Frameworks */ = {
			isa = PBXFrameworksBuildPhase;
			buildActionMask = 2147483647;
			files = (
			);
			runOnlyForDeploymentPostprocessing = 0;
		};
		0D796B1721BD44F50079B800 /* Frameworks */ = {
			isa = PBXFrameworksBuildPhase;
			buildActionMask = 2147483647;
			files = (
			);
			runOnlyForDeploymentPostprocessing = 0;
		};
/* End PBXFrameworksBuildPhase section */

/* Begin PBXGroup section */
		0D796AEF21BD44F30079B800 = {
			isa = PBXGroup;
			children = (
				0D796AFA21BD44F30079B800 /* CoreDataWithTableView */,
				0D796B1221BD44F50079B800 /* CoreDataWithTableViewTests */,
				0D796B1D21BD44F50079B800 /* CoreDataWithTableViewUITests */,
				0D796AF921BD44F30079B800 /* Products */,
			);
			sourceTree = "<group>";
		};
		0D796AF921BD44F30079B800 /* Products */ = {
			isa = PBXGroup;
			children = (
				0D796AF821BD44F30079B800 /* CoreDataWithTableView.app */,
				0D796B0F21BD44F50079B800 /* CoreDataWithTableViewTests.xctest */,
				0D796B1A21BD44F50079B800 /* CoreDataWithTableViewUITests.xctest */,
			);
			name = Products;
			sourceTree = "<group>";
		};
		0D796AFA21BD44F30079B800 /* CoreDataWithTableView */ = {
			isa = PBXGroup;
			children = (
				0D796AFB21BD44F30079B800 /* AppDelegate.swift */,
				0D796B3621BD4B840079B800 /* MyTableViewCell.swift */,
				0D796AFD21BD44F30079B800 /* ViewController.swift */,
				0D796AFF21BD44F30079B800 /* Main.storyboard */,
				0D796B0521BD44F40079B800 /* Assets.xcassets */,
				0D796B2D21BD46130079B800 /* alien.jpg */,
				0D796B2F21BD46130079B800 /* godzilla.jpg */,
				0D796B2E21BD46130079B800 /* hobbit.jpg */,
				0D796B2C21BD46130079B800 /* jpark.jpg */,
				0D796B0721BD44F40079B800 /* LaunchScreen.storyboard */,
				0D796B0A21BD44F40079B800 /* Info.plist */,
				0D796B0221BD44F30079B800 /* CoreDataWithTableView.xcdatamodeld */,
			);
			path = CoreDataWithTableView;
			sourceTree = "<group>";
		};
		0D796B1221BD44F50079B800 /* CoreDataWithTableViewTests */ = {
			isa = PBXGroup;
			children = (
				0D796B1321BD44F50079B800 /* CoreDataWithTableViewTests.swift */,
				0D796B1521BD44F50079B800 /* Info.plist */,
			);
			path = CoreDataWithTableViewTests;
			sourceTree = "<group>";
		};
		0D796B1D21BD44F50079B800 /* CoreDataWithTableViewUITests */ = {
			isa = PBXGroup;
			children = (
				0D796B1E21BD44F50079B800 /* CoreDataWithTableViewUITests.swift */,
				0D796B2021BD44F50079B800 /* Info.plist */,
			);
			path = CoreDataWithTableViewUITests;
			sourceTree = "<group>";
		};
/* End PBXGroup section */

/* Begin PBXNativeTarget section */
		0D796AF721BD44F30079B800 /* CoreDataWithTableView */ = {
			isa = PBXNativeTarget;
			buildConfigurationList = 0D796B2321BD44F50079B800 /* Build configuration list for PBXNativeTarget "CoreDataWithTableView" */;
			buildPhases = (
				0D796AF421BD44F30079B800 /* Sources */,
				0D796AF521BD44F30079B800 /* Frameworks */,
				0D796AF621BD44F30079B800 /* Resources */,
			);
			buildRules = (
			);
			dependencies = (
			);
			name = CoreDataWithTableView;
			productName = CoreDataWithTableView;
			productReference = 0D796AF821BD44F30079B800 /* CoreDataWithTableView.app */;
			productType = "com.apple.product-type.application";
		};
		0D796B0E21BD44F50079B800 /* CoreDataWithTableViewTests */ = {
			isa = PBXNativeTarget;
			buildConfigurationList = 0D796B2621BD44F50079B800 /* Build configuration list for PBXNativeTarget "CoreDataWithTableViewTests" */;
			buildPhases = (
				0D796B0B21BD44F50079B800 /* Sources */,
				0D796B0C21BD44F50079B800 /* Frameworks */,
				0D796B0D21BD44F50079B800 /* Resources */,
			);
			buildRules = (
			);
			dependencies = (
				0D796B1121BD44F50079B800 /* PBXTargetDependency */,
			);
			name = CoreDataWithTableViewTests;
			productName = CoreDataWithTableViewTests;
			productReference = 0D796B0F21BD44F50079B800 /* CoreDataWithTableViewTests.xctest */;
			productType = "com.apple.product-type.bundle.unit-test";
		};
		0D796B1921BD44F50079B800 /* CoreDataWithTableViewUITests */ = {
			isa = PBXNativeTarget;
			buildConfigurationList = 0D796B2921BD44F50079B800 /* Build configuration list for PBXNativeTarget "CoreDataWithTableViewUITests" */;
			buildPhases = (
				0D796B1621BD44F50079B800 /* Sources */,
				0D796B1721BD44F50079B800 /* Frameworks */,
				0D796B1821BD44F50079B800 /* Resources */,
			);
			buildRules = (
			);
			dependencies = (
				0D796B1C21BD44F50079B800 /* PBXTargetDependency */,
			);
			name = CoreDataWithTableViewUITests;
			productName = CoreDataWithTableViewUITests;
			productReference = 0D796B1A21BD44F50079B800 /* CoreDataWithTableViewUITests.xctest */;
			productType = "com.apple.product-type.bundle.ui-testing";
		};
/* End PBXNativeTarget section */

/* Begin PBXProject section */
		0D796AF021BD44F30079B800 /* Project object */ = {
			isa = PBXProject;
			attributes = {
				LastSwiftUpdateCheck = 1010;
				LastUpgradeCheck = 1010;
				ORGANIZATIONNAME = Rui;
				TargetAttributes = {
					0D796AF721BD44F30079B800 = {
						CreatedOnToolsVersion = 10.1;
					};
					0D796B0E21BD44F50079B800 = {
						CreatedOnToolsVersion = 10.1;
						TestTargetID = 0D796AF721BD44F30079B800;
					};
					0D796B1921BD44F50079B800 = {
						CreatedOnToolsVersion = 10.1;
						TestTargetID = 0D796AF721BD44F30079B800;
					};
				};
			};
			buildConfigurationList = 0D796AF321BD44F30079B800 /* Build configuration list for PBXProject "CoreDataWithTableView" */;
			compatibilityVersion = "Xcode 9.3";
			developmentRegion = en;
			hasScannedForEncodings = 0;
			knownRegions = (
				en,
				Base,
			);
			mainGroup = 0D796AEF21BD44F30079B800;
			productRefGroup = 0D796AF921BD44F30079B800 /* Products */;
			projectDirPath = "";
			projectRoot = "";
			targets = (
				0D796AF721BD44F30079B800 /* CoreDataWithTableView */,
				0D796B0E21BD44F50079B800 /* CoreDataWithTableViewTests */,
				0D796B1921BD44F50079B800 /* CoreDataWithTableViewUITests */,
			);
		};
/* End PBXProject section */

/* Begin PBXResourcesBuildPhase section */
		0D796AF621BD44F30079B800 /* Resources */ = {
			isa = PBXResourcesBuildPhase;
			buildActionMask = 2147483647;
			files = (
				0D796B3321BD46130079B800 /* godzilla.jpg in Resources */,
				0D796B3021BD46130079B800 /* jpark.jpg in Resources */,
				0D796B0921BD44F40079B800 /* LaunchScreen.storyboard in Resources */,
				0D796B3121BD46130079B800 /* alien.jpg in Resources */,
				0D796B0621BD44F40079B800 /* Assets.xcassets in Resources */,
				0D796B0121BD44F30079B800 /* Main.storyboard in Resources */,
				0D796B3221BD46130079B800 /* hobbit.jpg in Resources */,
			);
			runOnlyForDeploymentPostprocessing = 0;
		};
		0D796B0D21BD44F50079B800 /* Resources */ = {
			isa = PBXResourcesBuildPhase;
			buildActionMask = 2147483647;
			files = (
			);
			runOnlyForDeploymentPostprocessing = 0;
		};
		0D796B1821BD44F50079B800 /* Resources */ = {
			isa = PBXResourcesBuildPhase;
			buildActionMask = 2147483647;
			files = (
			);
			runOnlyForDeploymentPostprocessing = 0;
		};
/* End PBXResourcesBuildPhase section */

/* Begin PBXSourcesBuildPhase section */
		0D796AF421BD44F30079B800 /* Sources */ = {
			isa = PBXSourcesBuildPhase;
			buildActionMask = 2147483647;
			files = (
				0D796B0421BD44F30079B800 /* CoreDataWithTableView.xcdatamodeld in Sources */,
				0D796B3721BD4B840079B800 /* MyTableViewCell.swift in Sources */,
				0D796AFE21BD44F30079B800 /* ViewController.swift in Sources */,
				0D796AFC21BD44F30079B800 /* AppDelegate.swift in Sources */,
			);
			runOnlyForDeploymentPostprocessing = 0;
		};
		0D796B0B21BD44F50079B800 /* Sources */ = {
			isa = PBXSourcesBuildPhase;
			buildActionMask = 2147483647;
			files = (
				0D796B1421BD44F50079B800 /* CoreDataWithTableViewTests.swift in Sources */,
			);
			runOnlyForDeploymentPostprocessing = 0;
		};
		0D796B1621BD44F50079B800 /* Sources */ = {
			isa = PBXSourcesBuildPhase;
			buildActionMask = 2147483647;
			files = (
				0D796B1F21BD44F50079B800 /* CoreDataWithTableViewUITests.swift in Sources */,
			);
			runOnlyForDeploymentPostprocessing = 0;
		};
/* End PBXSourcesBuildPhase section */

/* Begin PBXTargetDependency section */
		0D796B1121BD44F50079B800 /* PBXTargetDependency */ = {
			isa = PBXTargetDependency;
			target = 0D796AF721BD44F30079B800 /* CoreDataWithTableView */;
			targetProxy = 0D796B1021BD44F50079B800 /* PBXContainerItemProxy */;
		};
		0D796B1C21BD44F50079B800 /* PBXTargetDependency */ = {
			isa = PBXTargetDependency;
			target = 0D796AF721BD44F30079B800 /* CoreDataWithTableView */;
			targetProxy = 0D796B1B21BD44F50079B800 /* PBXContainerItemProxy */;
		};
/* End PBXTargetDependency section */

/* Begin PBXVariantGroup section */
		0D796AFF21BD44F30079B800 /* Main.storyboard */ = {
			isa = PBXVariantGroup;
			children = (
				0D796B0021BD44F30079B800 /* Base */,
			);
			name = Main.storyboard;
			sourceTree = "<group>";
		};
		0D796B0721BD44F40079B800 /* LaunchScreen.storyboard */ = {
			isa = PBXVariantGroup;
			children = (
				0D796B0821BD44F40079B800 /* Base */,
			);
			name = LaunchScreen.storyboard;
			sourceTree = "<group>";
		};
/* End PBXVariantGroup section */

/* Begin XCBuildConfiguration section */
		0D796B2121BD44F50079B800 /* Debug */ = {
			isa = XCBuildConfiguration;
			buildSettings = {
				ALWAYS_SEARCH_USER_PATHS = NO;
				CLANG_ANALYZER_NONNULL = YES;
				CLANG_ANALYZER_NUMBER_OBJECT_CONVERSION = YES_AGGRESSIVE;
				CLANG_CXX_LANGUAGE_STANDARD = "gnu++14";
				CLANG_CXX_LIBRARY = "libc++";
				CLANG_ENABLE_MODULES = YES;
				CLANG_ENABLE_OBJC_ARC = YES;
				CLANG_ENABLE_OBJC_WEAK = YES;
				CLANG_WARN_BLOCK_CAPTURE_AUTORELEASING = YES;
				CLANG_WARN_BOOL_CONVERSION = YES;
				CLANG_WARN_COMMA = YES;
				CLANG_WARN_CONSTANT_CONVERSION = YES;
				CLANG_WARN_DEPRECATED_OBJC_IMPLEMENTATIONS = YES;
				CLANG_WARN_DIRECT_OBJC_ISA_USAGE = YES_ERROR;
				CLANG_WARN_DOCUMENTATION_COMMENTS = YES;
				CLANG_WARN_EMPTY_BODY = YES;
				CLANG_WARN_ENUM_CONVERSION = YES;
				CLANG_WARN_INFINITE_RECURSION = YES;
				CLANG_WARN_INT_CONVERSION = YES;
				CLANG_WARN_NON_LITERAL_NULL_CONVERSION = YES;
				CLANG_WARN_OBJC_IMPLICIT_RETAIN_SELF = YES;
				CLANG_WARN_OBJC_LITERAL_CONVERSION = YES;
				CLANG_WARN_OBJC_ROOT_CLASS = YES_ERROR;
				CLANG_WARN_RANGE_LOOP_ANALYSIS = YES;
				CLANG_WARN_STRICT_PROTOTYPES = YES;
				CLANG_WARN_SUSPICIOUS_MOVE = YES;
				CLANG_WARN_UNGUARDED_AVAILABILITY = YES_AGGRESSIVE;
				CLANG_WARN_UNREACHABLE_CODE = YES;
				CLANG_WARN__DUPLICATE_METHOD_MATCH = YES;
				CODE_SIGN_IDENTITY = "iPhone Developer";
				COPY_PHASE_STRIP = NO;
				DEBUG_INFORMATION_FORMAT = dwarf;
				ENABLE_STRICT_OBJC_MSGSEND = YES;
				ENABLE_TESTABILITY = YES;
				GCC_C_LANGUAGE_STANDARD = gnu11;
				GCC_DYNAMIC_NO_PIC = NO;
				GCC_NO_COMMON_BLOCKS = YES;
				GCC_OPTIMIZATION_LEVEL = 0;
				GCC_PREPROCESSOR_DEFINITIONS = (
					"DEBUG=1",
					"$(inherited)",
				);
				GCC_WARN_64_TO_32_BIT_CONVERSION = YES;
				GCC_WARN_ABOUT_RETURN_TYPE = YES_ERROR;
				GCC_WARN_UNDECLARED_SELECTOR = YES;
				GCC_WARN_UNINITIALIZED_AUTOS = YES_AGGRESSIVE;
				GCC_WARN_UNUSED_FUNCTION = YES;
				GCC_WARN_UNUSED_VARIABLE = YES;
				IPHONEOS_DEPLOYMENT_TARGET = 12.1;
				MTL_ENABLE_DEBUG_INFO = INCLUDE_SOURCE;
				MTL_FAST_MATH = YES;
				ONLY_ACTIVE_ARCH = YES;
				SDKROOT = iphoneos;
				SWIFT_ACTIVE_COMPILATION_CONDITIONS = DEBUG;
				SWIFT_OPTIMIZATION_LEVEL = "-Onone";
			};
			name = Debug;
		};
		0D796B2221BD44F50079B800 /* Release */ = {
			isa = XCBuildConfiguration;
			buildSettings = {
				ALWAYS_SEARCH_USER_PATHS = NO;
				CLANG_ANALYZER_NONNULL = YES;
				CLANG_ANALYZER_NUMBER_OBJECT_CONVERSION = YES_AGGRESSIVE;
				CLANG_CXX_LANGUAGE_STANDARD = "gnu++14";
				CLANG_CXX_LIBRARY = "libc++";
				CLANG_ENABLE_MODULES = YES;
				CLANG_ENABLE_OBJC_ARC = YES;
				CLANG_ENABLE_OBJC_WEAK = YES;
				CLANG_WARN_BLOCK_CAPTURE_AUTORELEASING = YES;
				CLANG_WARN_BOOL_CONVERSION = YES;
				CLANG_WARN_COMMA = YES;
				CLANG_WARN_CONSTANT_CONVERSION = YES;
				CLANG_WARN_DEPRECATED_OBJC_IMPLEMENTATIONS = YES;
				CLANG_WARN_DIRECT_OBJC_ISA_USAGE = YES_ERROR;
				CLANG_WARN_DOCUMENTATION_COMMENTS = YES;
				CLANG_WARN_EMPTY_BODY = YES;
				CLANG_WARN_ENUM_CONVERSION = YES;
				CLANG_WARN_INFINITE_RECURSION = YES;
				CLANG_WARN_INT_CONVERSION = YES;
				CLANG_WARN_NON_LITERAL_NULL_CONVERSION = YES;
				CLANG_WARN_OBJC_IMPLICIT_RETAIN_SELF = YES;
				CLANG_WARN_OBJC_LITERAL_CONVERSION = YES;
				CLANG_WARN_OBJC_ROOT_CLASS = YES_ERROR;
				CLANG_WARN_RANGE_LOOP_ANALYSIS = YES;
				CLANG_WARN_STRICT_PROTOTYPES = YES;
				CLANG_WARN_SUSPICIOUS_MOVE = YES;
				CLANG_WARN_UNGUARDED_AVAILABILITY = YES_AGGRESSIVE;
				CLANG_WARN_UNREACHABLE_CODE = YES;
				CLANG_WARN__DUPLICATE_METHOD_MATCH = YES;
				CODE_SIGN_IDENTITY = "iPhone Developer";
				COPY_PHASE_STRIP = NO;
				DEBUG_INFORMATION_FORMAT = "dwarf-with-dsym";
				ENABLE_NS_ASSERTIONS = NO;
				ENABLE_STRICT_OBJC_MSGSEND = YES;
				GCC_C_LANGUAGE_STANDARD = gnu11;
				GCC_NO_COMMON_BLOCKS = YES;
				GCC_WARN_64_TO_32_BIT_CONVERSION = YES;
				GCC_WARN_ABOUT_RETURN_TYPE = YES_ERROR;
				GCC_WARN_UNDECLARED_SELECTOR = YES;
				GCC_WARN_UNINITIALIZED_AUTOS = YES_AGGRESSIVE;
				GCC_WARN_UNUSED_FUNCTION = YES;
				GCC_WARN_UNUSED_VARIABLE = YES;
				IPHONEOS_DEPLOYMENT_TARGET = 12.1;
				MTL_ENABLE_DEBUG_INFO = NO;
				MTL_FAST_MATH = YES;
				SDKROOT = iphoneos;
				SWIFT_COMPILATION_MODE = wholemodule;
				SWIFT_OPTIMIZATION_LEVEL = "-O";
				VALIDATE_PRODUCT = YES;
			};
			name = Release;
		};
		0D796B2421BD44F50079B800 /* Debug */ = {
			isa = XCBuildConfiguration;
			buildSettings = {
				ASSETCATALOG_COMPILER_APPICON_NAME = AppIcon;
				CODE_SIGN_STYLE = Automatic;
				INFOPLIST_FILE = CoreDataWithTableView/Info.plist;
				LD_RUNPATH_SEARCH_PATHS = (
					"$(inherited)",
					"@executable_path/Frameworks",
				);
				PRODUCT_BUNDLE_IDENTIFIER = "-000.CoreDataWithTableView";
				PRODUCT_NAME = "$(TARGET_NAME)";
				SWIFT_VERSION = 4.2;
				TARGETED_DEVICE_FAMILY = "1,2";
			};
			name = Debug;
		};
		0D796B2521BD44F50079B800 /* Release */ = {
			isa = XCBuildConfiguration;
			buildSettings = {
				ASSETCATALOG_COMPILER_APPICON_NAME = AppIcon;
				CODE_SIGN_STYLE = Automatic;
				INFOPLIST_FILE = CoreDataWithTableView/Info.plist;
				LD_RUNPATH_SEARCH_PATHS = (
					"$(inherited)",
					"@executable_path/Frameworks",
				);
				PRODUCT_BUNDLE_IDENTIFIER = "-000.CoreDataWithTableView";
				PRODUCT_NAME = "$(TARGET_NAME)";
				SWIFT_VERSION = 4.2;
				TARGETED_DEVICE_FAMILY = "1,2";
			};
			name = Release;
		};
		0D796B2721BD44F50079B800 /* Debug */ = {
			isa = XCBuildConfiguration;
			buildSettings = {
				ALWAYS_EMBED_SWIFT_STANDARD_LIBRARIES = YES;
				BUNDLE_LOADER = "$(TEST_HOST)";
				CODE_SIGN_STYLE = Automatic;
				INFOPLIST_FILE = CoreDataWithTableViewTests/Info.plist;
				LD_RUNPATH_SEARCH_PATHS = (
					"$(inherited)",
					"@executable_path/Frameworks",
					"@loader_path/Frameworks",
				);
				PRODUCT_BUNDLE_IDENTIFIER = "-000.CoreDataWithTableViewTests";
				PRODUCT_NAME = "$(TARGET_NAME)";
				SWIFT_VERSION = 4.2;
				TARGETED_DEVICE_FAMILY = "1,2";
				TEST_HOST = "$(BUILT_PRODUCTS_DIR)/CoreDataWithTableView.app/CoreDataWithTableView";
			};
			name = Debug;
		};
		0D796B2821BD44F50079B800 /* Release */ = {
			isa = XCBuildConfiguration;
			buildSettings = {
				ALWAYS_EMBED_SWIFT_STANDARD_LIBRARIES = YES;
				BUNDLE_LOADER = "$(TEST_HOST)";
				CODE_SIGN_STYLE = Automatic;
				INFOPLIST_FILE = CoreDataWithTableViewTests/Info.plist;
				LD_RUNPATH_SEARCH_PATHS = (
					"$(inherited)",
					"@executable_path/Frameworks",
					"@loader_path/Frameworks",
				);
				PRODUCT_BUNDLE_IDENTIFIER = "-000.CoreDataWithTableViewTests";
				PRODUCT_NAME = "$(TARGET_NAME)";
				SWIFT_VERSION = 4.2;
				TARGETED_DEVICE_FAMILY = "1,2";
				TEST_HOST = "$(BUILT_PRODUCTS_DIR)/CoreDataWithTableView.app/CoreDataWithTableView";
			};
			name = Release;
		};
		0D796B2A21BD44F50079B800 /* Debug */ = {
			isa = XCBuildConfiguration;
			buildSettings = {
				ALWAYS_EMBED_SWIFT_STANDARD_LIBRARIES = YES;
				CODE_SIGN_STYLE = Automatic;
				INFOPLIST_FILE = CoreDataWithTableViewUITests/Info.plist;
				LD_RUNPATH_SEARCH_PATHS = (
					"$(inherited)",
					"@executable_path/Frameworks",
					"@loader_path/Frameworks",
				);
				PRODUCT_BUNDLE_IDENTIFIER = "-000.CoreDataWithTableViewUITests";
				PRODUCT_NAME = "$(TARGET_NAME)";
				SWIFT_VERSION = 4.2;
				TARGETED_DEVICE_FAMILY = "1,2";
				TEST_TARGET_NAME = CoreDataWithTableView;
			};
			name = Debug;
		};
		0D796B2B21BD44F50079B800 /* Release */ = {
			isa = XCBuildConfiguration;
			buildSettings = {
				ALWAYS_EMBED_SWIFT_STANDARD_LIBRARIES = YES;
				CODE_SIGN_STYLE = Automatic;
				INFOPLIST_FILE = CoreDataWithTableViewUITests/Info.plist;
				LD_RUNPATH_SEARCH_PATHS = (
					"$(inherited)",
					"@executable_path/Frameworks",
					"@loader_path/Frameworks",
				);
				PRODUCT_BUNDLE_IDENTIFIER = "-000.CoreDataWithTableViewUITests";
				PRODUCT_NAME = "$(TARGET_NAME)";
				SWIFT_VERSION = 4.2;
				TARGETED_DEVICE_FAMILY = "1,2";
				TEST_TARGET_NAME = CoreDataWithTableView;
			};
			name = Release;
		};
/* End XCBuildConfiguration section */

/* Begin XCConfigurationList section */
		0D796AF321BD44F30079B800 /* Build configuration list for PBXProject "CoreDataWithTableView" */ = {
			isa = XCConfigurationList;
			buildConfigurations = (
				0D796B2121BD44F50079B800 /* Debug */,
				0D796B2221BD44F50079B800 /* Release */,
			);
			defaultConfigurationIsVisible = 0;
			defaultConfigurationName = Release;
		};
		0D796B2321BD44F50079B800 /* Build configuration list for PBXNativeTarget "CoreDataWithTableView" */ = {
			isa = XCConfigurationList;
			buildConfigurations = (
				0D796B2421BD44F50079B800 /* Debug */,
				0D796B2521BD44F50079B800 /* Release */,
			);
			defaultConfigurationIsVisible = 0;
			defaultConfigurationName = Release;
		};
		0D796B2621BD44F50079B800 /* Build configuration list for PBXNativeTarget "CoreDataWithTableViewTests" */ = {
			isa = XCConfigurationList;
			buildConfigurations = (
				0D796B2721BD44F50079B800 /* Debug */,
				0D796B2821BD44F50079B800 /* Release */,
			);
			defaultConfigurationIsVisible = 0;
			defaultConfigurationName = Release;
		};
		0D796B2921BD44F50079B800 /* Build configuration list for PBXNativeTarget "CoreDataWithTableViewUITests" */ = {
			isa = XCConfigurationList;
			buildConfigurations = (
				0D796B2A21BD44F50079B800 /* Debug */,
				0D796B2B21BD44F50079B800 /* Release */,
			);
			defaultConfigurationIsVisible = 0;
			defaultConfigurationName = Release;
		};
/* End XCConfigurationList section */

/* Begin XCVersionGroup section */
		0D796B0221BD44F30079B800 /* CoreDataWithTableView.xcdatamodeld */ = {
			isa = XCVersionGroup;
			children = (
				0D796B0321BD44F30079B800 /* CoreDataWithTableView.xcdatamodel */,
			);
			currentVersion = 0D796B0321BD44F30079B800 /* CoreDataWithTableView.xcdatamodel */;
			path = CoreDataWithTableView.xcdatamodeld;
			sourceTree = "<group>";
			versionGroupType = wrapper.xcdatamodel;
		};
/* End XCVersionGroup section */
	};
	rootObject = 0D796AF021BD44F30079B800 /* Project object */;
}
